
Microsoft Visual Studio Solution File, Format Version 12.00
# Visual Studio Version 16
VisualStudioVersion = 16.0.29215.179
MinimumVisualStudioVersion = 10.0.40219.1
Project("{9A19103F-16F7-4668-BE54-9A1E7A4F7556}") = "HAND_OVERCLOCKED", "HAN-D_OVERCLOCKED\HAND_OVERCLOCKED.csproj", "{0A838C91-F712-4307-B31D-3F1474FF2E01}"
EndProject
Global
	GlobalSection(SolutionConfigurationPlatforms) = preSolution
		Debug|Any CPU = Debug|Any CPU
		Release|Any CPU = Release|Any CPU
	EndGlobalSection
	GlobalSection(ProjectConfigurationPlatforms) = postSolution
		{0A838C91-F712-4307-B31D-3F1474FF2E01}.Debug|Any CPU.ActiveCfg = Debug|Any CPU
		{0A838C91-F712-4307-B31D-3F1474FF2E01}.Debug|Any CPU.Build.0 = Debug|Any CPU
		{0A838C91-F712-4307-B31D-3F1474FF2E01}.Release|Any CPU.ActiveCfg = Release|Any CPU
		{0A838C91-F712-4307-B31D-3F1474FF2E01}.Release|Any CPU.Build.0 = Release|Any CPU
	EndGlobalSection
	GlobalSection(SolutionProperties) = preSolution
		HideSolutionNode = FALSE
	EndGlobalSection
	GlobalSection(ExtensibilityGlobals) = postSolution
		SolutionGuid = {BFFC0ADB-2A0F-4B89-943F-70635AED42F9}
	EndGlobalSection
EndGlobal
